// !$*UTF8*$!
{
	archiveVersion = 1;
	classes = {
	};
	objectVersion = 55;
	objects = {

/* Begin PBXBuildFile section */
		EE6F6732270C41CF00F02BE0 /* LearnWordsGameApp.swift in Sources */ = {isa = PBXBuildFile; fileRef = EE6F6731270C41CF00F02BE0 /* LearnWordsGameApp.swift */; };
		EE6F6734270C41CF00F02BE0 /* ContentView.swift in Sources */ = {isa = PBXBuildFile; fileRef = EE6F6733270C41CF00F02BE0 /* ContentView.swift */; };
		EE6F6736270C41D100F02BE0 /* Assets.xcassets in Resources */ = {isa = PBXBuildFile; fileRef = EE6F6735270C41D100F02BE0 /* Assets.xcassets */; };
		EE6F6739270C41D100F02BE0 /* Preview Assets.xcassets in Resources */ = {isa = PBXBuildFile; fileRef = EE6F6738270C41D100F02BE0 /* Preview Assets.xcassets */; };
		EE6F6742270C423000F02BE0 /* Model.swift in Sources */ = {isa = PBXBuildFile; fileRef = EE6F6741270C423000F02BE0 /* Model.swift */; };
		EE6F6744270C441400F02BE0 /* ViewModel.swift in Sources */ = {isa = PBXBuildFile; fileRef = EE6F6743270C441400F02BE0 /* ViewModel.swift */; };
		EE6F6746270C59FE00F02BE0 /* AllCardCollection.swift in Sources */ = {isa = PBXBuildFile; fileRef = EE6F6745270C59FE00F02BE0 /* AllCardCollection.swift */; };
		EE6F6748270C5A6F00F02BE0 /* NewCardView.swift in Sources */ = {isa = PBXBuildFile; fileRef = EE6F6747270C5A6F00F02BE0 /* NewCardView.swift */; };
		EE6F674A270C5AD700F02BE0 /* PlayCardView.swift in Sources */ = {isa = PBXBuildFile; fileRef = EE6F6749270C5AD700F02BE0 /* PlayCardView.swift */; };
		EE6F674F270C6A7C00F02BE0 /* CardView.swift in Sources */ = {isa = PBXBuildFile; fileRef = EE6F674E270C6A7C00F02BE0 /* CardView.swift */; };
/* End PBXBuildFile section */

/* Begin PBXFileReference section */
		EE6F672E270C41CF00F02BE0 /* LearnWordsGame.app */ = {isa = PBXFileReference; explicitFileType = wrapper.application; includeInIndex = 0; path = LearnWordsGame.app; sourceTree = BUILT_PRODUCTS_DIR; };
		EE6F6731270C41CF00F02BE0 /* LearnWordsGameApp.swift */ = {isa = PBXFileReference; lastKnownFileType = sourcecode.swift; path = LearnWordsGameApp.swift; sourceTree = "<group>"; };
		EE6F6733270C41CF00F02BE0 /* ContentView.swift */ = {isa = PBXFileReference; lastKnownFileType = sourcecode.swift; path = ContentView.swift; sourceTree = "<group>"; };
		EE6F6735270C41D100F02BE0 /* Assets.xcassets */ = {isa = PBXFileReference; lastKnownFileType = folder.assetcatalog; path = Assets.xcassets; sourceTree = "<group>"; };
		EE6F6738270C41D100F02BE0 /* Preview Assets.xcassets */ = {isa = PBXFileReference; lastKnownFileType = folder.assetcatalog; path = "Preview Assets.xcassets"; sourceTree = "<group>"; };
		EE6F6741270C423000F02BE0 /* Model.swift */ = {isa = PBXFileReference; lastKnownFileType = sourcecode.swift; path = Model.swift; sourceTree = "<group>"; };
		EE6F6743270C441400F02BE0 /* ViewModel.swift */ = {isa = PBXFileReference; lastKnownFileType = sourcecode.swift; path = ViewModel.swift; sourceTree = "<group>"; };
		EE6F6745270C59FE00F02BE0 /* AllCardCollection.swift */ = {isa = PBXFileReference; lastKnownFileType = sourcecode.swift; path = AllCardCollection.swift; sourceTree = "<group>"; };
		EE6F6747270C5A6F00F02BE0 /* NewCardView.swift */ = {isa = PBXFileReference; lastKnownFileType = sourcecode.swift; path = NewCardView.swift; sourceTree = "<group>"; };
		EE6F6749270C5AD700F02BE0 /* PlayCardView.swift */ = {isa = PBXFileReference; lastKnownFileType = sourcecode.swift; path = PlayCardView.swift; sourceTree = "<group>"; };
		EE6F674E270C6A7C00F02BE0 /* CardView.swift */ = {isa = PBXFileReference; lastKnownFileType = sourcecode.swift; path = CardView.swift; sourceTree = "<group>"; };
/* End PBXFileReference section */

/* Begin PBXFrameworksBuildPhase section */
		EE6F672B270C41CF00F02BE0 /* Frameworks */ = {
			isa = PBXFrameworksBuildPhase;
			buildActionMask = 2147483647;
			files = (
			);
			runOnlyForDeploymentPostprocessing = 0;
		};
/* End PBXFrameworksBuildPhase section */

/* Begin PBXGroup section */
		EE6F6725270C41CF00F02BE0 = {
			isa = PBXGroup;
			children = (
				EE6F6730270C41CF00F02BE0 /* LearnWordsGame */,
				EE6F672F270C41CF00F02BE0 /* Products */,
			);
			sourceTree = "<group>";
		};
		EE6F672F270C41CF00F02BE0 /* Products */ = {
			isa = PBXGroup;
			children = (
				EE6F672E270C41CF00F02BE0 /* LearnWordsGame.app */,
			);
			name = Products;
			sourceTree = "<group>";
		};
		EE6F6730270C41CF00F02BE0 /* LearnWordsGame */ = {
			isa = PBXGroup;
			children = (
				EE6F6731270C41CF00F02BE0 /* LearnWordsGameApp.swift */,
				EE6F6741270C423000F02BE0 /* Model.swift */,
				EE6F6743270C441400F02BE0 /* ViewModel.swift */,
				EE6F674B270C5B1700F02BE0 /* Views */,
				EE6F6735270C41D100F02BE0 /* Assets.xcassets */,
				EE6F6737270C41D100F02BE0 /* Preview Content */,
			);
			path = LearnWordsGame;
			sourceTree = "<group>";
		};
		EE6F6737270C41D100F02BE0 /* Preview Content */ = {
			isa = PBXGroup;
			children = (
				EE6F6738270C41D100F02BE0 /* Preview Assets.xcassets */,
			);
			path = "Preview Content";
			sourceTree = "<group>";
		};
		EE6F674B270C5B1700F02BE0 /* Views */ = {
			isa = PBXGroup;
			children = (
				EE6F6733270C41CF00F02BE0 /* ContentView.swift */,
				EE6F6749270C5AD700F02BE0 /* PlayCardView.swift */,
				EE6F6745270C59FE00F02BE0 /* AllCardCollection.swift */,
				EE6F674E270C6A7C00F02BE0 /* CardView.swift */,
				EE6F6747270C5A6F00F02BE0 /* NewCardView.swift */,
			);
			path = Views;
			sourceTree = "<group>";
		};
/* End PBXGroup section */

/* Begin PBXNativeTarget section */
		EE6F672D270C41CF00F02BE0 /* LearnWordsGame */ = {
			isa = PBXNativeTarget;
			buildConfigurationList = EE6F673C270C41D100F02BE0 /* Build configuration list for PBXNativeTarget "LearnWordsGame" */;
			buildPhases = (
				EE6F672A270C41CF00F02BE0 /* Sources */,
				EE6F672B270C41CF00F02BE0 /* Frameworks */,
				EE6F672C270C41CF00F02BE0 /* Resources */,
			);
			buildRules = (
			);
			dependencies = (
			);
			name = LearnWordsGame;
			productName = LearnWordsGame;
			productReference = EE6F672E270C41CF00F02BE0 /* LearnWordsGame.app */;
			productType = "com.apple.product-type.application";
		};
/* End PBXNativeTarget section */

/* Begin PBXProject section */
		EE6F6726270C41CF00F02BE0 /* Project object */ = {
			isa = PBXProject;
			attributes = {
				BuildIndependentTargetsInParallel = 1;
				LastSwiftUpdateCheck = 1300;
				LastUpgradeCheck = 1300;
				TargetAttributes = {
					EE6F672D270C41CF00F02BE0 = {
						CreatedOnToolsVersion = 13.0;
					};
				};
			};
			buildConfigurationList = EE6F6729270C41CF00F02BE0 /* Build configuration list for PBXProject "LearnWordsGame" */;
			compatibilityVersion = "Xcode 13.0";
			developmentRegion = en;
			hasScannedForEncodings = 0;
			knownRegions = (
				en,
				Base,
			);
			mainGroup = EE6F6725270C41CF00F02BE0;
			productRefGroup = EE6F672F270C41CF00F02BE0 /* Products */;
			projectDirPath = "";
			projectRoot = "";
			targets = (
				EE6F672D270C41CF00F02BE0 /* LearnWordsGame */,
			);
		};
/* End PBXProject section */

/* Begin PBXResourcesBuildPhase section */
		EE6F672C270C41CF00F02BE0 /* Resources */ = {
			isa = PBXResourcesBuildPhase;
			buildActionMask = 2147483647;
			files = (
				EE6F6739270C41D100F02BE0 /* Preview Assets.xcassets in Resources */,
				EE6F6736270C41D100F02BE0 /* Assets.xcassets in Resources */,
			);
			runOnlyForDeploymentPostprocessing = 0;
		};
/* End PBXResourcesBuildPhase section */

/* Begin PBXSourcesBuildPhase section */
		EE6F672A270C41CF00F02BE0 /* Sources */ = {
			isa = PBXSourcesBuildPhase;
			buildActionMask = 2147483647;
			files = (
				EE6F6742270C423000F02BE0 /* Model.swift in Sources */,
				EE6F6748270C5A6F00F02BE0 /* NewCardView.swift in Sources */,
				EE6F6746270C59FE00F02BE0 /* AllCardCollection.swift in Sources */,
				EE6F6734270C41CF00F02BE0 /* ContentView.swift in Sources */,
				EE6F6744270C441400F02BE0 /* ViewModel.swift in Sources */,
				EE6F674A270C5AD700F02BE0 /* PlayCardView.swift in Sources */,
				EE6F674F270C6A7C00F02BE0 /* CardView.swift in Sources */,
				EE6F6732270C41CF00F02BE0 /* LearnWordsGameApp.swift in Sources */,
			);
			runOnlyForDeploymentPostprocessing = 0;
		};
/* End PBXSourcesBuildPhase section */

/* Begin XCBuildConfiguration section */
		EE6F673A270C41D100F02BE0 /* Debug */ = {
			isa = XCBuildConfiguration;
			buildSettings = {
				ALWAYS_SEARCH_USER_PATHS = NO;
				CLANG_ANALYZER_NONNULL = YES;
				CLANG_ANALYZER_NUMBER_OBJECT_CONVERSION = YES_AGGRESSIVE;
				CLANG_CXX_LANGUAGE_STANDARD = "gnu++17";
				CLANG_CXX_LIBRARY = "libc++";
				CLANG_ENABLE_MODULES = YES;
				CLANG_ENABLE_OBJC_ARC = YES;
				CLANG_ENABLE_OBJC_WEAK = YES;
				CLANG_WARN_BLOCK_CAPTURE_AUTORELEASING = YES;
				CLANG_WARN_BOOL_CONVERSION = YES;
				CLANG_WARN_COMMA = YES;
				CLANG_WARN_CONSTANT_CONVERSION = YES;
				CLANG_WARN_DEPRECATED_OBJC_IMPLEMENTATIONS = YES;
				CLANG_WARN_DIRECT_OBJC_ISA_USAGE = YES_ERROR;
				CLANG_WARN_DOCUMENTATION_COMMENTS = YES;
				CLANG_WARN_EMPTY_BODY = YES;
				CLANG_WARN_ENUM_CONVERSION = YES;
				CLANG_WARN_INFINITE_RECURSION = YES;
				CLANG_WARN_INT_CONVERSION = YES;
				CLANG_WARN_NON_LITERAL_NULL_CONVERSION = YES;
				CLANG_WARN_OBJC_IMPLICIT_RETAIN_SELF = YES;
				CLANG_WARN_OBJC_LITERAL_CONVERSION = YES;
				CLANG_WARN_OBJC_ROOT_CLASS = YES_ERROR;
				CLANG_WARN_QUOTED_INCLUDE_IN_FRAMEWORK_HEADER = YES;
				CLANG_WARN_RANGE_LOOP_ANALYSIS = YES;
				CLANG_WARN_STRICT_PROTOTYPES = YES;
				CLANG_WARN_SUSPICIOUS_MOVE = YES;
				CLANG_WARN_UNGUARDED_AVAILABILITY = YES_AGGRESSIVE;
				CLANG_WARN_UNREACHABLE_CODE = YES;
				CLANG_WARN__DUPLICATE_METHOD_MATCH = YES;
				COPY_PHASE_STRIP = NO;
				DEBUG_INFORMATION_FORMAT = dwarf;
				ENABLE_STRICT_OBJC_MSGSEND = YES;
				ENABLE_TESTABILITY = YES;
				GCC_C_LANGUAGE_STANDARD = gnu11;
				GCC_DYNAMIC_NO_PIC = NO;
				GCC_NO_COMMON_BLOCKS = YES;
				GCC_OPTIMIZATION_LEVEL = 0;
				GCC_PREPROCESSOR_DEFINITIONS = (
					"DEBUG=1",
					"$(inherited)",
				);
				GCC_WARN_64_TO_32_BIT_CONVERSION = YES;
				GCC_WARN_ABOUT_RETURN_TYPE = YES_ERROR;
				GCC_WARN_UNDECLARED_SELECTOR = YES;
				GCC_WARN_UNINITIALIZED_AUTOS = YES_AGGRESSIVE;
				GCC_WARN_UNUSED_FUNCTION = YES;
				GCC_WARN_UNUSED_VARIABLE = YES;
				IPHONEOS_DEPLOYMENT_TARGET = 15.0;
				MTL_ENABLE_DEBUG_INFO = INCLUDE_SOURCE;
				MTL_FAST_MATH = YES;
				ONLY_ACTIVE_ARCH = YES;
				SDKROOT = iphoneos;
				SWIFT_ACTIVE_COMPILATION_CONDITIONS = DEBUG;
				SWIFT_OPTIMIZATION_LEVEL = "-Onone";
			};
			name = Debug;
		};
		EE6F673B270C41D100F02BE0 /* Release */ = {
			isa = XCBuildConfiguration;
			buildSettings = {
				ALWAYS_SEARCH_USER_PATHS = NO;
				CLANG_ANALYZER_NONNULL = YES;
				CLANG_ANALYZER_NUMBER_OBJECT_CONVERSION = YES_AGGRESSIVE;
				CLANG_CXX_LANGUAGE_STANDARD = "gnu++17";
				CLANG_CXX_LIBRARY = "libc++";
				CLANG_ENABLE_MODULES = YES;
				CLANG_ENABLE_OBJC_ARC = YES;
				CLANG_ENABLE_OBJC_WEAK = YES;
				CLANG_WARN_BLOCK_CAPTURE_AUTORELEASING = YES;
				CLANG_WARN_BOOL_CONVERSION = YES;
				CLANG_WARN_COMMA = YES;
				CLANG_WARN_CONSTANT_CONVERSION = YES;
				CLANG_WARN_DEPRECATED_OBJC_IMPLEMENTATIONS = YES;
				CLANG_WARN_DIRECT_OBJC_ISA_USAGE = YES_ERROR;
				CLANG_WARN_DOCUMENTATION_COMMENTS = YES;
				CLANG_WARN_EMPTY_BODY = YES;
				CLANG_WARN_ENUM_CONVERSION = YES;
				CLANG_WARN_INFINITE_RECURSION = YES;
				CLANG_WARN_INT_CONVERSION = YES;
				CLANG_WARN_NON_LITERAL_NULL_CONVERSION = YES;
				CLANG_WARN_OBJC_IMPLICIT_RETAIN_SELF = YES;
				CLANG_WARN_OBJC_LITERAL_CONVERSION = YES;
				CLANG_WARN_OBJC_ROOT_CLASS = YES_ERROR;
				CLANG_WARN_QUOTED_INCLUDE_IN_FRAMEWORK_HEADER = YES;
				CLANG_WARN_RANGE_LOOP_ANALYSIS = YES;
				CLANG_WARN_STRICT_PROTOTYPES = YES;
				CLANG_WARN_SUSPICIOUS_MOVE = YES;
				CLANG_WARN_UNGUARDED_AVAILABILITY = YES_AGGRESSIVE;
				CLANG_WARN_UNREACHABLE_CODE = YES;
				CLANG_WARN__DUPLICATE_METHOD_MATCH = YES;
				COPY_PHASE_STRIP = NO;
				DEBUG_INFORMATION_FORMAT = "dwarf-with-dsym";
				ENABLE_NS_ASSERTIONS = NO;
				ENABLE_STRICT_OBJC_MSGSEND = YES;
				GCC_C_LANGUAGE_STANDARD = gnu11;
				GCC_NO_COMMON_BLOCKS = YES;
				GCC_WARN_64_TO_32_BIT_CONVERSION = YES;
				GCC_WARN_ABOUT_RETURN_TYPE = YES_ERROR;
				GCC_WARN_UNDECLARED_SELECTOR = YES;
				GCC_WARN_UNINITIALIZED_AUTOS = YES_AGGRESSIVE;
				GCC_WARN_UNUSED_FUNCTION = YES;
				GCC_WARN_UNUSED_VARIABLE = YES;
				IPHONEOS_DEPLOYMENT_TARGET = 15.0;
				MTL_ENABLE_DEBUG_INFO = NO;
				MTL_FAST_MATH = YES;
				SDKROOT = iphoneos;
				SWIFT_COMPILATION_MODE = wholemodule;
				SWIFT_OPTIMIZATION_LEVEL = "-O";
				VALIDATE_PRODUCT = YES;
			};
			name = Release;
		};
		EE6F673D270C41D100F02BE0 /* Debug */ = {
			isa = XCBuildConfiguration;
			buildSettings = {
				ASSETCATALOG_COMPILER_APPICON_NAME = AppIcon;
				ASSETCATALOG_COMPILER_GLOBAL_ACCENT_COLOR_NAME = AccentColor;
				CODE_SIGN_STYLE = Automatic;
				CURRENT_PROJECT_VERSION = 1;
				DEVELOPMENT_ASSET_PATHS = "\"LearnWordsGame/Preview Content\"";
				DEVELOPMENT_TEAM = 9C3YYD2ZUU;
				ENABLE_PREVIEWS = YES;
				GENERATE_INFOPLIST_FILE = YES;
				INFOPLIST_KEY_UIApplicationSceneManifest_Generation = YES;
				INFOPLIST_KEY_UIApplicationSupportsIndirectInputEvents = YES;
				INFOPLIST_KEY_UILaunchScreen_Generation = YES;
				INFOPLIST_KEY_UISupportedInterfaceOrientations_iPad = "UIInterfaceOrientationPortrait UIInterfaceOrientationPortraitUpsideDown UIInterfaceOrientationLandscapeLeft UIInterfaceOrientationLandscapeRight";
				INFOPLIST_KEY_UISupportedInterfaceOrientations_iPhone = "UIInterfaceOrientationPortrait UIInterfaceOrientationLandscapeLeft UIInterfaceOrientationLandscapeRight";
				IPHONEOS_DEPLOYMENT_TARGET = 14.0;
				LD_RUNPATH_SEARCH_PATHS = (
					"$(inherited)",
					"@executable_path/Frameworks",
				);
				MARKETING_VERSION = 1.0;
				PRODUCT_BUNDLE_IDENTIFIER = ZhingelStas.LearnWordsGame;
				PRODUCT_NAME = "$(TARGET_NAME)";
				SWIFT_EMIT_LOC_STRINGS = YES;
				SWIFT_VERSION = 5.0;
				TARGETED_DEVICE_FAMILY = "1,2";
			};
			name = Debug;
		};
		EE6F673E270C41D100F02BE0 /* Release */ = {
			isa = XCBuildConfiguration;
			buildSettings = {
				ASSETCATALOG_COMPILER_APPICON_NAME = AppIcon;
				ASSETCATALOG_COMPILER_GLOBAL_ACCENT_COLOR_NAME = AccentColor;
				CODE_SIGN_STYLE = Automatic;
				CURRENT_PROJECT_VERSION = 1;
				DEVELOPMENT_ASSET_PATHS = "\"LearnWordsGame/Preview Content\"";
				DEVELOPMENT_TEAM = 9C3YYD2ZUU;
				ENABLE_PREVIEWS = YES;
				GENERATE_INFOPLIST_FILE = YES;
				INFOPLIST_KEY_UIApplicationSceneManifest_Generation = YES;
				INFOPLIST_KEY_UIApplicationSupportsIndirectInputEvents = YES;
				INFOPLIST_KEY_UILaunchScreen_Generation = YES;
				INFOPLIST_KEY_UISupportedInterfaceOrientations_iPad = "UIInterfaceOrientationPortrait UIInterfaceOrientationPortraitUpsideDown UIInterfaceOrientationLandscapeLeft UIInterfaceOrientationLandscapeRight";
				INFOPLIST_KEY_UISupportedInterfaceOrientations_iPhone = "UIInterfaceOrientationPortrait UIInterfaceOrientationLandscapeLeft UIInterfaceOrientationLandscapeRight";
				IPHONEOS_DEPLOYMENT_TARGET = 14.0;
				LD_RUNPATH_SEARCH_PATHS = (
					"$(inherited)",
					"@executable_path/Frameworks",
				);
				MARKETING_VERSION = 1.0;
				PRODUCT_BUNDLE_IDENTIFIER = ZhingelStas.LearnWordsGame;
				PRODUCT_NAME = "$(TARGET_NAME)";
				SWIFT_EMIT_LOC_STRINGS = YES;
				SWIFT_VERSION = 5.0;
				TARGETED_DEVICE_FAMILY = "1,2";
			};
			name = Release;
		};
/* End XCBuildConfiguration section */

/* Begin XCConfigurationList section */
		EE6F6729270C41CF00F02BE0 /* Build configuration list for PBXProject "LearnWordsGame" */ = {
			isa = XCConfigurationList;
			buildConfigurations = (
				EE6F673A270C41D100F02BE0 /* Debug */,
				EE6F673B270C41D100F02BE0 /* Release */,
			);
			defaultConfigurationIsVisible = 0;
			defaultConfigurationName = Release;
		};
		EE6F673C270C41D100F02BE0 /* Build configuration list for PBXNativeTarget "LearnWordsGame" */ = {
			isa = XCConfigurationList;
			buildConfigurations = (
				EE6F673D270C41D100F02BE0 /* Debug */,
				EE6F673E270C41D100F02BE0 /* Release */,
			);
			defaultConfigurationIsVisible = 0;
			defaultConfigurationName = Release;
		};
/* End XCConfigurationList section */
	};
	rootObject = EE6F6726270C41CF00F02BE0 /* Project object */;
}
